
Microsoft Visual Studio Solution File, Format Version 12.00
# Visual Studio Version 17
VisualStudioVersion = 17.9.34607.119
MinimumVisualStudioVersion = 10.0.40219.1
Project("{8BC9CEB8-8B4A-11D0-8D11-00A0C91BC942}") = "day09", "day09\day09.vcxproj", "{3FA4A8C9-AEA5-46FB-B24E-E7FBAF9FBC10}"
EndProject
Global
	GlobalSection(SolutionConfigurationPlatforms) = preSolution
		Debug|x64 = Debug|x64
		Debug|x86 = Debug|x86
		Release|x64 = Release|x64
		Release|x86 = Release|x86
	EndGlobalSection
	GlobalSection(ProjectConfigurationPlatforms) = postSolution
		{3FA4A8C9-AEA5-46FB-B24E-E7FBAF9FBC10}.Debug|x64.ActiveCfg = Debug|x64
		{3FA4A8C9-AEA5-46FB-B24E-E7FBAF9FBC10}.Debug|x64.Build.0 = Debug|x64
		{3FA4A8C9-AEA5-46FB-B24E-E7FBAF9FBC10}.Debug|x86.ActiveCfg = Debug|Win32
		{3FA4A8C9-AEA5-46FB-B24E-E7FBAF9FBC10}.Debug|x86.Build.0 = Debug|Win32
		{3FA4A8C9-AEA5-46FB-B24E-E7FBAF9FBC10}.Release|x64.ActiveCfg = Release|x64
		{3FA4A8C9-AEA5-46FB-B24E-E7FBAF9FBC10}.Release|x64.Build.0 = Release|x64
		{3FA4A8C9-AEA5-46FB-B24E-E7FBAF9FBC10}.Release|x86.ActiveCfg = Release|Win32
		{3FA4A8C9-AEA5-46FB-B24E-E7FBAF9FBC10}.Release|x86.Build.0 = Release|Win32
	EndGlobalSection
	GlobalSection(SolutionProperties) = preSolution
		HideSolutionNode = FALSE
	EndGlobalSection
	GlobalSection(ExtensibilityGlobals) = postSolution
		SolutionGuid = {1A5FA21D-6C2A-4587-9995-48FFE0A3DE21}
	EndGlobalSection
EndGlobal
